// !$*UTF8*$!
{
	archiveVersion = 1;
	classes = {
	};
	objectVersion = 46;
	objects = {

/* Begin PBXBuildFile section */
		E11B784615268BC6000A35F5 /* Message+Extras.m in Sources */ = {isa = PBXBuildFile; fileRef = E11B784515268BC6000A35F5 /* Message+Extras.m */; };
		E1231BFD151D7E05009D214A /* IDLoginVC.m in Sources */ = {isa = PBXBuildFile; fileRef = E1231BFC151D7E05009D214A /* IDLoginVC.m */; };
		E1231C00151D7E25009D214A /* IDDecisionsVC.m in Sources */ = {isa = PBXBuildFile; fileRef = E1231BFF151D7E25009D214A /* IDDecisionsVC.m */; };
		E1231C03151D7E35009D214A /* IDDecisionDetailVC.m in Sources */ = {isa = PBXBuildFile; fileRef = E1231C02151D7E35009D214A /* IDDecisionDetailVC.m */; };
		E1231C08151D8232009D214A /* decide.xcdatamodeld in Sources */ = {isa = PBXBuildFile; fileRef = E1231C06151D8232009D214A /* decide.xcdatamodeld */; };
		E1231C0B151D851E009D214A /* IDDiscussionVC.m in Sources */ = {isa = PBXBuildFile; fileRef = E1231C0A151D851E009D214A /* IDDiscussionVC.m */; };
		E12565D5151AB12E00E56B88 /* UIKit.framework in Frameworks */ = {isa = PBXBuildFile; fileRef = E12565D4151AB12E00E56B88 /* UIKit.framework */; };
		E12565D7151AB12E00E56B88 /* Foundation.framework in Frameworks */ = {isa = PBXBuildFile; fileRef = E12565D6151AB12E00E56B88 /* Foundation.framework */; };
		E12565D9151AB12E00E56B88 /* CoreGraphics.framework in Frameworks */ = {isa = PBXBuildFile; fileRef = E12565D8151AB12E00E56B88 /* CoreGraphics.framework */; };
		E12565DF151AB12E00E56B88 /* InfoPlist.strings in Resources */ = {isa = PBXBuildFile; fileRef = E12565DD151AB12E00E56B88 /* InfoPlist.strings */; };
		E12565E1151AB12E00E56B88 /* main.m in Sources */ = {isa = PBXBuildFile; fileRef = E12565E0151AB12E00E56B88 /* main.m */; };
		E12565E5151AB12F00E56B88 /* IDAppDelegate.m in Sources */ = {isa = PBXBuildFile; fileRef = E12565E4151AB12F00E56B88 /* IDAppDelegate.m */; };
		E12565E8151AB12F00E56B88 /* MainStoryboard.storyboard in Resources */ = {isa = PBXBuildFile; fileRef = E12565E6151AB12F00E56B88 /* MainStoryboard.storyboard */; };
		E12565F3151AB12F00E56B88 /* SenTestingKit.framework in Frameworks */ = {isa = PBXBuildFile; fileRef = E12565F2151AB12F00E56B88 /* SenTestingKit.framework */; };
		E12565F4151AB12F00E56B88 /* UIKit.framework in Frameworks */ = {isa = PBXBuildFile; fileRef = E12565D4151AB12E00E56B88 /* UIKit.framework */; };
		E12565F5151AB12F00E56B88 /* Foundation.framework in Frameworks */ = {isa = PBXBuildFile; fileRef = E12565D6151AB12E00E56B88 /* Foundation.framework */; };
		E12565FD151AB12F00E56B88 /* InfoPlist.strings in Resources */ = {isa = PBXBuildFile; fileRef = E12565FB151AB12F00E56B88 /* InfoPlist.strings */; };
		E1256600151AB12F00E56B88 /* DecideTests.m in Sources */ = {isa = PBXBuildFile; fileRef = E12565FF151AB12F00E56B88 /* DecideTests.m */; };
		E125660D151AB1DE00E56B88 /* CFNetwork.framework in Frameworks */ = {isa = PBXBuildFile; fileRef = E125660C151AB1DE00E56B88 /* CFNetwork.framework */; };
		E125660F151AB1F500E56B88 /* MobileCoreServices.framework in Frameworks */ = {isa = PBXBuildFile; fileRef = E125660E151AB1F500E56B88 /* MobileCoreServices.framework */; };
		E1256611151AB1FE00E56B88 /* Security.framework in Frameworks */ = {isa = PBXBuildFile; fileRef = E1256610151AB1FE00E56B88 /* Security.framework */; };
		E1256613151AB20800E56B88 /* SystemConfiguration.framework in Frameworks */ = {isa = PBXBuildFile; fileRef = E1256612151AB20800E56B88 /* SystemConfiguration.framework */; };
		E1256615151AB21600E56B88 /* libz.dylib in Frameworks */ = {isa = PBXBuildFile; fileRef = E1256614151AB21600E56B88 /* libz.dylib */; };
		E1256617151AB21F00E56B88 /* libsqlite3.dylib in Frameworks */ = {isa = PBXBuildFile; fileRef = E1256616151AB21F00E56B88 /* libsqlite3.dylib */; };
		E1256619151AB22C00E56B88 /* CoreTelephony.framework in Frameworks */ = {isa = PBXBuildFile; fileRef = E1256618151AB22C00E56B88 /* CoreTelephony.framework */; };
		E125661B151AB23500E56B88 /* StoreKit.framework in Frameworks */ = {isa = PBXBuildFile; fileRef = E125661A151AB23500E56B88 /* StoreKit.framework */; };
		E1256621151AB2CC00E56B88 /* AirshipConfig.plist in Resources */ = {isa = PBXBuildFile; fileRef = E1256620151AB2CC00E56B88 /* AirshipConfig.plist */; };
		E12568EE151AB7C400E56B88 /* AudioToolbox.framework in Frameworks */ = {isa = PBXBuildFile; fileRef = E12568ED151AB7C400E56B88 /* AudioToolbox.framework */; };
		E12568F0151AB7D700E56B88 /* MessageUI.framework in Frameworks */ = {isa = PBXBuildFile; fileRef = E12568EF151AB7D700E56B88 /* MessageUI.framework */; };
		E1256AE4151AB9A000E56B88 /* libUAirship-1.1.4.a in Frameworks */ = {isa = PBXBuildFile; fileRef = E1256AE3151AB9A000E56B88 /* libUAirship-1.1.4.a */; };
		E180F19D151E5EE4009E981C /* AFHTTPClient.m in Sources */ = {isa = PBXBuildFile; fileRef = E180F189151E5EE4009E981C /* AFHTTPClient.m */; settings = {COMPILER_FLAGS = "-fno-objc-arc"; }; };
		E180F19E151E5EE4009E981C /* AFHTTPRequestOperation.m in Sources */ = {isa = PBXBuildFile; fileRef = E180F18B151E5EE4009E981C /* AFHTTPRequestOperation.m */; settings = {COMPILER_FLAGS = "-fno-objc-arc"; }; };
		E180F19F151E5EE4009E981C /* AFImageRequestOperation.m in Sources */ = {isa = PBXBuildFile; fileRef = E180F18D151E5EE4009E981C /* AFImageRequestOperation.m */; settings = {COMPILER_FLAGS = "-fno-objc-arc"; }; };
		E180F1A0151E5EE4009E981C /* AFJSONRequestOperation.m in Sources */ = {isa = PBXBuildFile; fileRef = E180F18F151E5EE4009E981C /* AFJSONRequestOperation.m */; settings = {COMPILER_FLAGS = "-fno-objc-arc"; }; };
		E180F1A1151E5EE4009E981C /* AFJSONUtilities.m in Sources */ = {isa = PBXBuildFile; fileRef = E180F191151E5EE4009E981C /* AFJSONUtilities.m */; settings = {COMPILER_FLAGS = "-fno-objc-arc"; }; };
		E180F1A2151E5EE4009E981C /* AFNetworkActivityIndicatorManager.m in Sources */ = {isa = PBXBuildFile; fileRef = E180F193151E5EE4009E981C /* AFNetworkActivityIndicatorManager.m */; settings = {COMPILER_FLAGS = "-fno-objc-arc"; }; };
		E180F1A3151E5EE4009E981C /* AFPropertyListRequestOperation.m in Sources */ = {isa = PBXBuildFile; fileRef = E180F196151E5EE4009E981C /* AFPropertyListRequestOperation.m */; settings = {COMPILER_FLAGS = "-fno-objc-arc"; }; };
		E180F1A4151E5EE4009E981C /* AFURLConnectionOperation.m in Sources */ = {isa = PBXBuildFile; fileRef = E180F198151E5EE4009E981C /* AFURLConnectionOperation.m */; settings = {COMPILER_FLAGS = "-fno-objc-arc"; }; };
		E180F1A5151E5EE4009E981C /* AFXMLRequestOperation.m in Sources */ = {isa = PBXBuildFile; fileRef = E180F19A151E5EE4009E981C /* AFXMLRequestOperation.m */; settings = {COMPILER_FLAGS = "-fno-objc-arc"; }; };
		E180F1A6151E5EE4009E981C /* UIImageView+AFNetworking.m in Sources */ = {isa = PBXBuildFile; fileRef = E180F19C151E5EE4009E981C /* UIImageView+AFNetworking.m */; settings = {COMPILER_FLAGS = "-fno-objc-arc"; }; };
		E180F1A9151E69FE009E981C /* IDHTTPRequest.m in Sources */ = {isa = PBXBuildFile; fileRef = E180F1A8151E69FD009E981C /* IDHTTPRequest.m */; };
		E180F1AC151E773A009E981C /* IDBaseVC.m in Sources */ = {isa = PBXBuildFile; fileRef = E180F1AB151E773A009E981C /* IDBaseVC.m */; };
		E180F1B8151E77AF009E981C /* RBCoreDataManager.m in Sources */ = {isa = PBXBuildFile; fileRef = E180F1B0151E77AF009E981C /* RBCoreDataManager.m */; };
		E180F1B9151E77AF009E981C /* RBFetchedResultsTableVC.m in Sources */ = {isa = PBXBuildFile; fileRef = E180F1B3151E77AF009E981C /* RBFetchedResultsTableVC.m */; };
		E180F1BA151E77AF009E981C /* RBManagedObjectContext.m in Sources */ = {isa = PBXBuildFile; fileRef = E180F1B5151E77AF009E981C /* RBManagedObjectContext.m */; };
		E180F1C0151E7892009E981C /* RBSingleton.m in Sources */ = {isa = PBXBuildFile; fileRef = E180F1BF151E7892009E981C /* RBSingleton.m */; };
		E180F1E8151E78D4009E981C /* GCD+RBExtras.c in Sources */ = {isa = PBXBuildFile; fileRef = E180F1C3151E78D4009E981C /* GCD+RBExtras.c */; };
		E180F1EA151E78D4009E981C /* NSArray+RBExtras.m in Sources */ = {isa = PBXBuildFile; fileRef = E180F1C7151E78D4009E981C /* NSArray+RBExtras.m */; };
		E180F1EB151E78D4009E981C /* NSDate+RBExtras.m in Sources */ = {isa = PBXBuildFile; fileRef = E180F1C9151E78D4009E981C /* NSDate+RBExtras.m */; };
		E180F1EC151E78D4009E981C /* NSError+RBExtras.m in Sources */ = {isa = PBXBuildFile; fileRef = E180F1CB151E78D4009E981C /* NSError+RBExtras.m */; };
		E180F1ED151E78D4009E981C /* NSManagedObject+RBExtras.m in Sources */ = {isa = PBXBuildFile; fileRef = E180F1CD151E78D4009E981C /* NSManagedObject+RBExtras.m */; };
		E180F1EE151E78D4009E981C /* NSMutableSet+RBExtras.m in Sources */ = {isa = PBXBuildFile; fileRef = E180F1CF151E78D4009E981C /* NSMutableSet+RBExtras.m */; };
		E180F1EF151E78D4009E981C /* NSObject+RBExtras.m in Sources */ = {isa = PBXBuildFile; fileRef = E180F1D1151E78D4009E981C /* NSObject+RBExtras.m */; };
		E180F1F0151E78D4009E981C /* NSSet+RBExtras.m in Sources */ = {isa = PBXBuildFile; fileRef = E180F1D3151E78D4009E981C /* NSSet+RBExtras.m */; };
		E180F1F1151E78D4009E981C /* NSString+RBExtras.m in Sources */ = {isa = PBXBuildFile; fileRef = E180F1D5151E78D4009E981C /* NSString+RBExtras.m */; };
		E180F1F2151E78D4009E981C /* NSURL+RBExtras.m in Sources */ = {isa = PBXBuildFile; fileRef = E180F1D7151E78D4009E981C /* NSURL+RBExtras.m */; };
		E180F1F4151E78D4009E981C /* UIApplication+RBExtras.m in Sources */ = {isa = PBXBuildFile; fileRef = E180F1DA151E78D4009E981C /* UIApplication+RBExtras.m */; };
		E180F1F5151E78D4009E981C /* UIColor+RBExtras.m in Sources */ = {isa = PBXBuildFile; fileRef = E180F1DC151E78D4009E981C /* UIColor+RBExtras.m */; };
		E180F1F6151E78D4009E981C /* UITableView+RBExtras.m in Sources */ = {isa = PBXBuildFile; fileRef = E180F1DE151E78D4009E981C /* UITableView+RBExtras.m */; };
		E180F1F7151E78D4009E981C /* UITextField+RBExtras.m in Sources */ = {isa = PBXBuildFile; fileRef = E180F1E0151E78D4009E981C /* UITextField+RBExtras.m */; };
		E180F1F8151E78D4009E981C /* UIView+RBExtras.m in Sources */ = {isa = PBXBuildFile; fileRef = E180F1E2151E78D4009E981C /* UIView+RBExtras.m */; };
		E180F1F9151E78D4009E981C /* UIViewController+RBExtras.m in Sources */ = {isa = PBXBuildFile; fileRef = E180F1E4151E78D4009E981C /* UIViewController+RBExtras.m */; };
		E180F1FA151E78D4009E981C /* UIWindow+RBExtras.m in Sources */ = {isa = PBXBuildFile; fileRef = E180F1E6151E78D4009E981C /* UIWindow+RBExtras.m */; };
		E180F215151E792E009E981C /* RBBaseEmailBuilder.m in Sources */ = {isa = PBXBuildFile; fileRef = E180F200151E792E009E981C /* RBBaseEmailBuilder.m */; };
		E180F216151E792E009E981C /* RBBaseLogFile.m in Sources */ = {isa = PBXBuildFile; fileRef = E180F202151E792E009E981C /* RBBaseLogFile.m */; };
		E180F217151E792E009E981C /* RBBugReportEmailBuilder.m in Sources */ = {isa = PBXBuildFile; fileRef = E180F204151E792E009E981C /* RBBugReportEmailBuilder.m */; };
		E180F218151E792E009E981C /* RBExtendedLogFile.m in Sources */ = {isa = PBXBuildFile; fileRef = E180F207151E792E009E981C /* RBExtendedLogFile.m */; };
		E180F219151E792E009E981C /* RBLogFileFactory.m in Sources */ = {isa = PBXBuildFile; fileRef = E180F20A151E792E009E981C /* RBLogFileFactory.m */; };
		E180F21A151E792E009E981C /* RBLogger.m in Sources */ = {isa = PBXBuildFile; fileRef = E180F20C151E792E009E981C /* RBLogger.m */; };
		E180F21B151E792E009E981C /* RBReportEmailerVC.m in Sources */ = {isa = PBXBuildFile; fileRef = E180F20E151E792E009E981C /* RBReportEmailerVC.m */; };
		E180F21C151E792E009E981C /* RBReporter.m in Sources */ = {isa = PBXBuildFile; fileRef = E180F210151E792E009E981C /* RBReporter.m */; };
		E180F21D151E792E009E981C /* RBStandardAttachment.m in Sources */ = {isa = PBXBuildFile; fileRef = E180F212151E792E009E981C /* RBStandardAttachment.m */; };
		E180F220151E7950009E981C /* CoreData.framework in Frameworks */ = {isa = PBXBuildFile; fileRef = E180F21F151E7950009E981C /* CoreData.framework */; };
		E180F23A151E7CB5009E981C /* Decision+Extras.m in Sources */ = {isa = PBXBuildFile; fileRef = E180F239151E7CB5009E981C /* Decision+Extras.m */; };
		E180F23D151E7F41009E981C /* IDDecisionCell.m in Sources */ = {isa = PBXBuildFile; fileRef = E180F23C151E7F41009E981C /* IDDecisionCell.m */; };
		E180F246151E80CA009E981C /* Discussion.m in Sources */ = {isa = PBXBuildFile; fileRef = E180F245151E80CA009E981C /* Discussion.m */; };
		E180F249151E80CA009E981C /* Preferences.m in Sources */ = {isa = PBXBuildFile; fileRef = E180F248151E80CA009E981C /* Preferences.m */; };
		E180F252151E80CB009E981C /* Message.m in Sources */ = {isa = PBXBuildFile; fileRef = E180F251151E80CB009E981C /* Message.m */; };
		E180F255151E80CB009E981C /* Group.m in Sources */ = {isa = PBXBuildFile; fileRef = E180F254151E80CB009E981C /* Group.m */; };
		E180F258151E80E8009E981C /* IDObject+Extras.m in Sources */ = {isa = PBXBuildFile; fileRef = E180F257151E80E8009E981C /* IDObject+Extras.m */; };
		E1C0F28E15268D2F00B20EFA /* Discussion+Extras.m in Sources */ = {isa = PBXBuildFile; fileRef = E1C0F28D15268D2F00B20EFA /* Discussion+Extras.m */; };
		E1EE0EFC1522468800B2E25A /* IDObject.m in Sources */ = {isa = PBXBuildFile; fileRef = E1EE0EFB1522468800B2E25A /* IDObject.m */; };
		E1EF686015211E3000AF5FDB /* IDLoginManager.m in Sources */ = {isa = PBXBuildFile; fileRef = E1EF685F15211E3000AF5FDB /* IDLoginManager.m */; };
		E1EF6864152120E600AF5FDB /* User+Extras.m in Sources */ = {isa = PBXBuildFile; fileRef = E1EF6863152120E600AF5FDB /* User+Extras.m */; };
		E1EF6870152122D700AF5FDB /* User.m in Sources */ = {isa = PBXBuildFile; fileRef = E1EF686F152122D700AF5FDB /* User.m */; };
		E1EF687A152127A800AF5FDB /* IDDecisionDetailCell.m in Sources */ = {isa = PBXBuildFile; fileRef = E1EF6879152127A800AF5FDB /* IDDecisionDetailCell.m */; };
		E1EF687D15212A3F00AF5FDB /* Option+Extras.m in Sources */ = {isa = PBXBuildFile; fileRef = E1EF687C15212A3F00AF5FDB /* Option+Extras.m */; };
		E1EF688315212F1100AF5FDB /* Decision.m in Sources */ = {isa = PBXBuildFile; fileRef = E1EF688215212F1000AF5FDB /* Decision.m */; };
		E1EF688615212F1100AF5FDB /* Option.m in Sources */ = {isa = PBXBuildFile; fileRef = E1EF688515212F1100AF5FDB /* Option.m */; };
/* End PBXBuildFile section */

/* Begin PBXContainerItemProxy section */
		E12565F6151AB12F00E56B88 /* PBXContainerItemProxy */ = {
			isa = PBXContainerItemProxy;
			containerPortal = E12565C7151AB12E00E56B88 /* Project object */;
			proxyType = 1;
			remoteGlobalIDString = E12565CF151AB12E00E56B88;
			remoteInfo = Decide;
		};
/* End PBXContainerItemProxy section */

/* Begin PBXFileReference section */
		E11B784415268BC6000A35F5 /* Message+Extras.h */ = {isa = PBXFileReference; fileEncoding = 4; lastKnownFileType = sourcecode.c.h; name = "Message+Extras.h"; path = "Model/Message+Extras.h"; sourceTree = "<group>"; };
		E11B784515268BC6000A35F5 /* Message+Extras.m */ = {isa = PBXFileReference; fileEncoding = 4; lastKnownFileType = sourcecode.c.objc; name = "Message+Extras.m"; path = "Model/Message+Extras.m"; sourceTree = "<group>"; };
		E1231BFB151D7E05009D214A /* IDLoginVC.h */ = {isa = PBXFileReference; fileEncoding = 4; lastKnownFileType = sourcecode.c.h; name = IDLoginVC.h; path = Views/IDLoginVC.h; sourceTree = "<group>"; };
		E1231BFC151D7E05009D214A /* IDLoginVC.m */ = {isa = PBXFileReference; fileEncoding = 4; lastKnownFileType = sourcecode.c.objc; name = IDLoginVC.m; path = Views/IDLoginVC.m; sourceTree = "<group>"; };
		E1231BFE151D7E25009D214A /* IDDecisionsVC.h */ = {isa = PBXFileReference; fileEncoding = 4; lastKnownFileType = sourcecode.c.h; name = IDDecisionsVC.h; path = Views/IDDecisionsVC.h; sourceTree = "<group>"; };
		E1231BFF151D7E25009D214A /* IDDecisionsVC.m */ = {isa = PBXFileReference; fileEncoding = 4; lastKnownFileType = sourcecode.c.objc; name = IDDecisionsVC.m; path = Views/IDDecisionsVC.m; sourceTree = "<group>"; };
		E1231C01151D7E35009D214A /* IDDecisionDetailVC.h */ = {isa = PBXFileReference; fileEncoding = 4; lastKnownFileType = sourcecode.c.h; path = IDDecisionDetailVC.h; sourceTree = "<group>"; };
		E1231C02151D7E35009D214A /* IDDecisionDetailVC.m */ = {isa = PBXFileReference; fileEncoding = 4; lastKnownFileType = sourcecode.c.objc; path = IDDecisionDetailVC.m; sourceTree = "<group>"; };
		E1231C07151D8232009D214A /* decide.xcdatamodel */ = {isa = PBXFileReference; lastKnownFileType = wrapper.xcdatamodel; path = decide.xcdatamodel; sourceTree = "<group>"; };
		E1231C09151D851E009D214A /* IDDiscussionVC.h */ = {isa = PBXFileReference; fileEncoding = 4; lastKnownFileType = sourcecode.c.h; path = IDDiscussionVC.h; sourceTree = "<group>"; };
		E1231C0A151D851E009D214A /* IDDiscussionVC.m */ = {isa = PBXFileReference; fileEncoding = 4; lastKnownFileType = sourcecode.c.objc; path = IDDiscussionVC.m; sourceTree = "<group>"; };
		E12565D0151AB12E00E56B88 /* decide.app */ = {isa = PBXFileReference; explicitFileType = wrapper.application; includeInIndex = 0; path = decide.app; sourceTree = BUILT_PRODUCTS_DIR; };
		E12565D4151AB12E00E56B88 /* UIKit.framework */ = {isa = PBXFileReference; lastKnownFileType = wrapper.framework; name = UIKit.framework; path = System/Library/Frameworks/UIKit.framework; sourceTree = SDKROOT; };
		E12565D6151AB12E00E56B88 /* Foundation.framework */ = {isa = PBXFileReference; lastKnownFileType = wrapper.framework; name = Foundation.framework; path = System/Library/Frameworks/Foundation.framework; sourceTree = SDKROOT; };
		E12565D8151AB12E00E56B88 /* CoreGraphics.framework */ = {isa = PBXFileReference; lastKnownFileType = wrapper.framework; name = CoreGraphics.framework; path = System/Library/Frameworks/CoreGraphics.framework; sourceTree = SDKROOT; };
		E12565DC151AB12E00E56B88 /* Decide-Info.plist */ = {isa = PBXFileReference; lastKnownFileType = text.plist.xml; path = "Decide-Info.plist"; sourceTree = "<group>"; };
		E12565DE151AB12E00E56B88 /* en */ = {isa = PBXFileReference; lastKnownFileType = text.plist.strings; name = en; path = en.lproj/InfoPlist.strings; sourceTree = "<group>"; };
		E12565E0151AB12E00E56B88 /* main.m */ = {isa = PBXFileReference; lastKnownFileType = sourcecode.c.objc; path = main.m; sourceTree = "<group>"; };
		E12565E2151AB12E00E56B88 /* Decide-Prefix.pch */ = {isa = PBXFileReference; lastKnownFileType = sourcecode.c.h; path = "Decide-Prefix.pch"; sourceTree = "<group>"; };
		E12565E3151AB12E00E56B88 /* IDAppDelegate.h */ = {isa = PBXFileReference; lastKnownFileType = sourcecode.c.h; path = IDAppDelegate.h; sourceTree = "<group>"; };
		E12565E4151AB12F00E56B88 /* IDAppDelegate.m */ = {isa = PBXFileReference; lastKnownFileType = sourcecode.c.objc; path = IDAppDelegate.m; sourceTree = "<group>"; };
		E12565E7151AB12F00E56B88 /* en */ = {isa = PBXFileReference; lastKnownFileType = file.storyboard; name = en; path = en.lproj/MainStoryboard.storyboard; sourceTree = "<group>"; };
		E12565F1151AB12F00E56B88 /* DecideTests.octest */ = {isa = PBXFileReference; explicitFileType = wrapper.cfbundle; includeInIndex = 0; path = DecideTests.octest; sourceTree = BUILT_PRODUCTS_DIR; };
		E12565F2151AB12F00E56B88 /* SenTestingKit.framework */ = {isa = PBXFileReference; lastKnownFileType = wrapper.framework; name = SenTestingKit.framework; path = Library/Frameworks/SenTestingKit.framework; sourceTree = DEVELOPER_DIR; };
		E12565FA151AB12F00E56B88 /* DecideTests-Info.plist */ = {isa = PBXFileReference; lastKnownFileType = text.plist.xml; path = "DecideTests-Info.plist"; sourceTree = "<group>"; };
		E12565FC151AB12F00E56B88 /* en */ = {isa = PBXFileReference; lastKnownFileType = text.plist.strings; name = en; path = en.lproj/InfoPlist.strings; sourceTree = "<group>"; };
		E12565FE151AB12F00E56B88 /* DecideTests.h */ = {isa = PBXFileReference; lastKnownFileType = sourcecode.c.h; path = DecideTests.h; sourceTree = "<group>"; };
		E12565FF151AB12F00E56B88 /* DecideTests.m */ = {isa = PBXFileReference; lastKnownFileType = sourcecode.c.objc; path = DecideTests.m; sourceTree = "<group>"; };
		E125660C151AB1DE00E56B88 /* CFNetwork.framework */ = {isa = PBXFileReference; lastKnownFileType = wrapper.framework; name = CFNetwork.framework; path = System/Library/Frameworks/CFNetwork.framework; sourceTree = SDKROOT; };
		E125660E151AB1F500E56B88 /* MobileCoreServices.framework */ = {isa = PBXFileReference; lastKnownFileType = wrapper.framework; name = MobileCoreServices.framework; path = System/Library/Frameworks/MobileCoreServices.framework; sourceTree = SDKROOT; };
		E1256610151AB1FE00E56B88 /* Security.framework */ = {isa = PBXFileReference; lastKnownFileType = wrapper.framework; name = Security.framework; path = System/Library/Frameworks/Security.framework; sourceTree = SDKROOT; };
		E1256612151AB20800E56B88 /* SystemConfiguration.framework */ = {isa = PBXFileReference; lastKnownFileType = wrapper.framework; name = SystemConfiguration.framework; path = System/Library/Frameworks/SystemConfiguration.framework; sourceTree = SDKROOT; };
		E1256614151AB21600E56B88 /* libz.dylib */ = {isa = PBXFileReference; lastKnownFileType = "compiled.mach-o.dylib"; name = libz.dylib; path = usr/lib/libz.dylib; sourceTree = SDKROOT; };
		E1256616151AB21F00E56B88 /* libsqlite3.dylib */ = {isa = PBXFileReference; lastKnownFileType = "compiled.mach-o.dylib"; name = libsqlite3.dylib; path = usr/lib/libsqlite3.dylib; sourceTree = SDKROOT; };
		E1256618151AB22C00E56B88 /* CoreTelephony.framework */ = {isa = PBXFileReference; lastKnownFileType = wrapper.framework; name = CoreTelephony.framework; path = System/Library/Frameworks/CoreTelephony.framework; sourceTree = SDKROOT; };
		E125661A151AB23500E56B88 /* StoreKit.framework */ = {isa = PBXFileReference; lastKnownFileType = wrapper.framework; name = StoreKit.framework; path = System/Library/Frameworks/StoreKit.framework; sourceTree = SDKROOT; };
		E1256620151AB2CC00E56B88 /* AirshipConfig.plist */ = {isa = PBXFileReference; fileEncoding = 4; lastKnownFileType = text.plist.xml; path = AirshipConfig.plist; sourceTree = "<group>"; };
		E12568ED151AB7C400E56B88 /* AudioToolbox.framework */ = {isa = PBXFileReference; lastKnownFileType = wrapper.framework; name = AudioToolbox.framework; path = System/Library/Frameworks/AudioToolbox.framework; sourceTree = SDKROOT; };
		E12568EF151AB7D700E56B88 /* MessageUI.framework */ = {isa = PBXFileReference; lastKnownFileType = wrapper.framework; name = MessageUI.framework; path = System/Library/Frameworks/MessageUI.framework; sourceTree = SDKROOT; };
		E1256AE3151AB9A000E56B88 /* libUAirship-1.1.4.a */ = {isa = PBXFileReference; lastKnownFileType = archive.ar; name = "libUAirship-1.1.4.a"; path = "Airship/libUAirship-1.1.4.a"; sourceTree = "<group>"; };
		E180F188151E5EE4009E981C /* AFHTTPClient.h */ = {isa = PBXFileReference; fileEncoding = 4; lastKnownFileType = sourcecode.c.h; path = AFHTTPClient.h; sourceTree = "<group>"; };
		E180F189151E5EE4009E981C /* AFHTTPClient.m */ = {isa = PBXFileReference; fileEncoding = 4; lastKnownFileType = sourcecode.c.objc; path = AFHTTPClient.m; sourceTree = "<group>"; };
		E180F18A151E5EE4009E981C /* AFHTTPRequestOperation.h */ = {isa = PBXFileReference; fileEncoding = 4; lastKnownFileType = sourcecode.c.h; path = AFHTTPRequestOperation.h; sourceTree = "<group>"; };
		E180F18B151E5EE4009E981C /* AFHTTPRequestOperation.m */ = {isa = PBXFileReference; fileEncoding = 4; lastKnownFileType = sourcecode.c.objc; path = AFHTTPRequestOperation.m; sourceTree = "<group>"; };
		E180F18C151E5EE4009E981C /* AFImageRequestOperation.h */ = {isa = PBXFileReference; fileEncoding = 4; lastKnownFileType = sourcecode.c.h; path = AFImageRequestOperation.h; sourceTree = "<group>"; };
		E180F18D151E5EE4009E981C /* AFImageRequestOperation.m */ = {isa = PBXFileReference; fileEncoding = 4; lastKnownFileType = sourcecode.c.objc; path = AFImageRequestOperation.m; sourceTree = "<group>"; };
		E180F18E151E5EE4009E981C /* AFJSONRequestOperation.h */ = {isa = PBXFileReference; fileEncoding = 4; lastKnownFileType = sourcecode.c.h; path = AFJSONRequestOperation.h; sourceTree = "<group>"; };
		E180F18F151E5EE4009E981C /* AFJSONRequestOperation.m */ = {isa = PBXFileReference; fileEncoding = 4; lastKnownFileType = sourcecode.c.objc; path = AFJSONRequestOperation.m; sourceTree = "<group>"; };
		E180F190151E5EE4009E981C /* AFJSONUtilities.h */ = {isa = PBXFileReference; fileEncoding = 4; lastKnownFileType = sourcecode.c.h; path = AFJSONUtilities.h; sourceTree = "<group>"; };
		E180F191151E5EE4009E981C /* AFJSONUtilities.m */ = {isa = PBXFileReference; fileEncoding = 4; lastKnownFileType = sourcecode.c.objc; path = AFJSONUtilities.m; sourceTree = "<group>"; };
		E180F192151E5EE4009E981C /* AFNetworkActivityIndicatorManager.h */ = {isa = PBXFileReference; fileEncoding = 4; lastKnownFileType = sourcecode.c.h; path = AFNetworkActivityIndicatorManager.h; sourceTree = "<group>"; };
		E180F193151E5EE4009E981C /* AFNetworkActivityIndicatorManager.m */ = {isa = PBXFileReference; fileEncoding = 4; lastKnownFileType = sourcecode.c.objc; path = AFNetworkActivityIndicatorManager.m; sourceTree = "<group>"; };
		E180F194151E5EE4009E981C /* AFNetworking.h */ = {isa = PBXFileReference; fileEncoding = 4; lastKnownFileType = sourcecode.c.h; path = AFNetworking.h; sourceTree = "<group>"; };
		E180F195151E5EE4009E981C /* AFPropertyListRequestOperation.h */ = {isa = PBXFileReference; fileEncoding = 4; lastKnownFileType = sourcecode.c.h; path = AFPropertyListRequestOperation.h; sourceTree = "<group>"; };
		E180F196151E5EE4009E981C /* AFPropertyListRequestOperation.m */ = {isa = PBXFileReference; fileEncoding = 4; lastKnownFileType = sourcecode.c.objc; path = AFPropertyListRequestOperation.m; sourceTree = "<group>"; };
		E180F197151E5EE4009E981C /* AFURLConnectionOperation.h */ = {isa = PBXFileReference; fileEncoding = 4; lastKnownFileType = sourcecode.c.h; path = AFURLConnectionOperation.h; sourceTree = "<group>"; };
		E180F198151E5EE4009E981C /* AFURLConnectionOperation.m */ = {isa = PBXFileReference; fileEncoding = 4; lastKnownFileType = sourcecode.c.objc; path = AFURLConnectionOperation.m; sourceTree = "<group>"; };
		E180F199151E5EE4009E981C /* AFXMLRequestOperation.h */ = {isa = PBXFileReference; fileEncoding = 4; lastKnownFileType = sourcecode.c.h; path = AFXMLRequestOperation.h; sourceTree = "<group>"; };
		E180F19A151E5EE4009E981C /* AFXMLRequestOperation.m */ = {isa = PBXFileReference; fileEncoding = 4; lastKnownFileType = sourcecode.c.objc; path = AFXMLRequestOperation.m; sourceTree = "<group>"; };
		E180F19B151E5EE4009E981C /* UIImageView+AFNetworking.h */ = {isa = PBXFileReference; fileEncoding = 4; lastKnownFileType = sourcecode.c.h; path = "UIImageView+AFNetworking.h"; sourceTree = "<group>"; };
		E180F19C151E5EE4009E981C /* UIImageView+AFNetworking.m */ = {isa = PBXFileReference; fileEncoding = 4; lastKnownFileType = sourcecode.c.objc; path = "UIImageView+AFNetworking.m"; sourceTree = "<group>"; };
		E180F1A7151E69FD009E981C /* IDHTTPRequest.h */ = {isa = PBXFileReference; fileEncoding = 4; lastKnownFileType = sourcecode.c.h; path = IDHTTPRequest.h; sourceTree = "<group>"; };
		E180F1A8151E69FD009E981C /* IDHTTPRequest.m */ = {isa = PBXFileReference; fileEncoding = 4; lastKnownFileType = sourcecode.c.objc; path = IDHTTPRequest.m; sourceTree = "<group>"; };
		E180F1AA151E773A009E981C /* IDBaseVC.h */ = {isa = PBXFileReference; fileEncoding = 4; lastKnownFileType = sourcecode.c.h; name = IDBaseVC.h; path = Views/IDBaseVC.h; sourceTree = "<group>"; };
		E180F1AB151E773A009E981C /* IDBaseVC.m */ = {isa = PBXFileReference; fileEncoding = 4; lastKnownFileType = sourcecode.c.objc; name = IDBaseVC.m; path = Views/IDBaseVC.m; sourceTree = "<group>"; };
		E180F1AE151E77AF009E981C /* LICENSE */ = {isa = PBXFileReference; fileEncoding = 4; lastKnownFileType = text; path = LICENSE; sourceTree = "<group>"; };
		E180F1AF151E77AF009E981C /* RBCoreDataManager.h */ = {isa = PBXFileReference; fileEncoding = 4; lastKnownFileType = sourcecode.c.h; path = RBCoreDataManager.h; sourceTree = "<group>"; };
		E180F1B0151E77AF009E981C /* RBCoreDataManager.m */ = {isa = PBXFileReference; fileEncoding = 4; lastKnownFileType = sourcecode.c.objc; path = RBCoreDataManager.m; sourceTree = "<group>"; };
		E180F1B1151E77AF009E981C /* RBCoreDataManagerDelegate.h */ = {isa = PBXFileReference; fileEncoding = 4; lastKnownFileType = sourcecode.c.h; path = RBCoreDataManagerDelegate.h; sourceTree = "<group>"; };
		E180F1B2151E77AF009E981C /* RBFetchedResultsTableVC.h */ = {isa = PBXFileReference; fileEncoding = 4; lastKnownFileType = sourcecode.c.h; path = RBFetchedResultsTableVC.h; sourceTree = "<group>"; };
		E180F1B3151E77AF009E981C /* RBFetchedResultsTableVC.m */ = {isa = PBXFileReference; fileEncoding = 4; lastKnownFileType = sourcecode.c.objc; path = RBFetchedResultsTableVC.m; sourceTree = "<group>"; };
		E180F1B4151E77AF009E981C /* RBManagedObjectContext.h */ = {isa = PBXFileReference; fileEncoding = 4; lastKnownFileType = sourcecode.c.h; path = RBManagedObjectContext.h; sourceTree = "<group>"; };
		E180F1B5151E77AF009E981C /* RBManagedObjectContext.m */ = {isa = PBXFileReference; fileEncoding = 4; lastKnownFileType = sourcecode.c.objc; path = RBManagedObjectContext.m; sourceTree = "<group>"; };
		E180F1B6151E77AF009E981C /* README.markdown */ = {isa = PBXFileReference; fileEncoding = 4; lastKnownFileType = text; path = README.markdown; sourceTree = "<group>"; };
		E180F1BD151E7892009E981C /* RBSimpleSingleton.h */ = {isa = PBXFileReference; fileEncoding = 4; lastKnownFileType = sourcecode.c.h; path = RBSimpleSingleton.h; sourceTree = "<group>"; };
		E180F1BE151E7892009E981C /* RBSingleton.h */ = {isa = PBXFileReference; fileEncoding = 4; lastKnownFileType = sourcecode.c.h; path = RBSingleton.h; sourceTree = "<group>"; };
		E180F1BF151E7892009E981C /* RBSingleton.m */ = {isa = PBXFileReference; fileEncoding = 4; lastKnownFileType = sourcecode.c.objc; path = RBSingleton.m; sourceTree = "<group>"; };
		E180F1C2151E78D4009E981C /* .gitignore */ = {isa = PBXFileReference; fileEncoding = 4; lastKnownFileType = text; path = .gitignore; sourceTree = "<group>"; };
		E180F1C3151E78D4009E981C /* GCD+RBExtras.c */ = {isa = PBXFileReference; fileEncoding = 4; lastKnownFileType = sourcecode.c.c; path = "GCD+RBExtras.c"; sourceTree = "<group>"; };
		E180F1C4151E78D4009E981C /* GCD+RBExtras.h */ = {isa = PBXFileReference; fileEncoding = 4; lastKnownFileType = sourcecode.c.h; path = "GCD+RBExtras.h"; sourceTree = "<group>"; };
		E180F1C5151E78D4009E981C /* LICENSE */ = {isa = PBXFileReference; fileEncoding = 4; lastKnownFileType = text; path = LICENSE; sourceTree = "<group>"; };
		E180F1C6151E78D4009E981C /* NSArray+RBExtras.h */ = {isa = PBXFileReference; fileEncoding = 4; lastKnownFileType = sourcecode.c.h; path = "NSArray+RBExtras.h"; sourceTree = "<group>"; };
		E180F1C7151E78D4009E981C /* NSArray+RBExtras.m */ = {isa = PBXFileReference; fileEncoding = 4; lastKnownFileType = sourcecode.c.objc; path = "NSArray+RBExtras.m"; sourceTree = "<group>"; };
		E180F1C8151E78D4009E981C /* NSDate+RBExtras.h */ = {isa = PBXFileReference; fileEncoding = 4; lastKnownFileType = sourcecode.c.h; path = "NSDate+RBExtras.h"; sourceTree = "<group>"; };
		E180F1C9151E78D4009E981C /* NSDate+RBExtras.m */ = {isa = PBXFileReference; fileEncoding = 4; lastKnownFileType = sourcecode.c.objc; path = "NSDate+RBExtras.m"; sourceTree = "<group>"; };
		E180F1CA151E78D4009E981C /* NSError+RBExtras.h */ = {isa = PBXFileReference; fileEncoding = 4; lastKnownFileType = sourcecode.c.h; path = "NSError+RBExtras.h"; sourceTree = "<group>"; };
		E180F1CB151E78D4009E981C /* NSError+RBExtras.m */ = {isa = PBXFileReference; fileEncoding = 4; lastKnownFileType = sourcecode.c.objc; path = "NSError+RBExtras.m"; sourceTree = "<group>"; };
		E180F1CC151E78D4009E981C /* NSManagedObject+RBExtras.h */ = {isa = PBXFileReference; fileEncoding = 4; lastKnownFileType = sourcecode.c.h; path = "NSManagedObject+RBExtras.h"; sourceTree = "<group>"; };
		E180F1CD151E78D4009E981C /* NSManagedObject+RBExtras.m */ = {isa = PBXFileReference; fileEncoding = 4; lastKnownFileType = sourcecode.c.objc; path = "NSManagedObject+RBExtras.m"; sourceTree = "<group>"; };
		E180F1CE151E78D4009E981C /* NSMutableSet+RBExtras.h */ = {isa = PBXFileReference; fileEncoding = 4; lastKnownFileType = sourcecode.c.h; path = "NSMutableSet+RBExtras.h"; sourceTree = "<group>"; };
		E180F1CF151E78D4009E981C /* NSMutableSet+RBExtras.m */ = {isa = PBXFileReference; fileEncoding = 4; lastKnownFileType = sourcecode.c.objc; path = "NSMutableSet+RBExtras.m"; sourceTree = "<group>"; };
		E180F1D0151E78D4009E981C /* NSObject+RBExtras.h */ = {isa = PBXFileReference; fileEncoding = 4; lastKnownFileType = sourcecode.c.h; path = "NSObject+RBExtras.h"; sourceTree = "<group>"; };
		E180F1D1151E78D4009E981C /* NSObject+RBExtras.m */ = {isa = PBXFileReference; fileEncoding = 4; lastKnownFileType = sourcecode.c.objc; path = "NSObject+RBExtras.m"; sourceTree = "<group>"; };
		E180F1D2151E78D4009E981C /* NSSet+RBExtras.h */ = {isa = PBXFileReference; fileEncoding = 4; lastKnownFileType = sourcecode.c.h; path = "NSSet+RBExtras.h"; sourceTree = "<group>"; };
		E180F1D3151E78D4009E981C /* NSSet+RBExtras.m */ = {isa = PBXFileReference; fileEncoding = 4; lastKnownFileType = sourcecode.c.objc; path = "NSSet+RBExtras.m"; sourceTree = "<group>"; };
		E180F1D4151E78D4009E981C /* NSString+RBExtras.h */ = {isa = PBXFileReference; fileEncoding = 4; lastKnownFileType = sourcecode.c.h; path = "NSString+RBExtras.h"; sourceTree = "<group>"; };
		E180F1D5151E78D4009E981C /* NSString+RBExtras.m */ = {isa = PBXFileReference; fileEncoding = 4; lastKnownFileType = sourcecode.c.objc; path = "NSString+RBExtras.m"; sourceTree = "<group>"; };
		E180F1D6151E78D4009E981C /* NSURL+RBExtras.h */ = {isa = PBXFileReference; fileEncoding = 4; lastKnownFileType = sourcecode.c.h; path = "NSURL+RBExtras.h"; sourceTree = "<group>"; };
		E180F1D7151E78D4009E981C /* NSURL+RBExtras.m */ = {isa = PBXFileReference; fileEncoding = 4; lastKnownFileType = sourcecode.c.objc; path = "NSURL+RBExtras.m"; sourceTree = "<group>"; };
		E180F1D8151E78D4009E981C /* README.markdown */ = {isa = PBXFileReference; fileEncoding = 4; lastKnownFileType = text; path = README.markdown; sourceTree = "<group>"; };
		E180F1D9151E78D4009E981C /* UIApplication+RBExtras.h */ = {isa = PBXFileReference; fileEncoding = 4; lastKnownFileType = sourcecode.c.h; path = "UIApplication+RBExtras.h"; sourceTree = "<group>"; };
		E180F1DA151E78D4009E981C /* UIApplication+RBExtras.m */ = {isa = PBXFileReference; fileEncoding = 4; lastKnownFileType = sourcecode.c.objc; path = "UIApplication+RBExtras.m"; sourceTree = "<group>"; };
		E180F1DB151E78D4009E981C /* UIColor+RBExtras.h */ = {isa = PBXFileReference; fileEncoding = 4; lastKnownFileType = sourcecode.c.h; path = "UIColor+RBExtras.h"; sourceTree = "<group>"; };
		E180F1DC151E78D4009E981C /* UIColor+RBExtras.m */ = {isa = PBXFileReference; fileEncoding = 4; lastKnownFileType = sourcecode.c.objc; path = "UIColor+RBExtras.m"; sourceTree = "<group>"; };
		E180F1DD151E78D4009E981C /* UITableView+RBExtras.h */ = {isa = PBXFileReference; fileEncoding = 4; lastKnownFileType = sourcecode.c.h; path = "UITableView+RBExtras.h"; sourceTree = "<group>"; };
		E180F1DE151E78D4009E981C /* UITableView+RBExtras.m */ = {isa = PBXFileReference; fileEncoding = 4; lastKnownFileType = sourcecode.c.objc; path = "UITableView+RBExtras.m"; sourceTree = "<group>"; };
		E180F1DF151E78D4009E981C /* UITextField+RBExtras.h */ = {isa = PBXFileReference; fileEncoding = 4; lastKnownFileType = sourcecode.c.h; path = "UITextField+RBExtras.h"; sourceTree = "<group>"; };
		E180F1E0151E78D4009E981C /* UITextField+RBExtras.m */ = {isa = PBXFileReference; fileEncoding = 4; lastKnownFileType = sourcecode.c.objc; path = "UITextField+RBExtras.m"; sourceTree = "<group>"; };
		E180F1E1151E78D4009E981C /* UIView+RBExtras.h */ = {isa = PBXFileReference; fileEncoding = 4; lastKnownFileType = sourcecode.c.h; path = "UIView+RBExtras.h"; sourceTree = "<group>"; };
		E180F1E2151E78D4009E981C /* UIView+RBExtras.m */ = {isa = PBXFileReference; fileEncoding = 4; lastKnownFileType = sourcecode.c.objc; path = "UIView+RBExtras.m"; sourceTree = "<group>"; };
		E180F1E3151E78D4009E981C /* UIViewController+RBExtras.h */ = {isa = PBXFileReference; fileEncoding = 4; lastKnownFileType = sourcecode.c.h; path = "UIViewController+RBExtras.h"; sourceTree = "<group>"; };
		E180F1E4151E78D4009E981C /* UIViewController+RBExtras.m */ = {isa = PBXFileReference; fileEncoding = 4; lastKnownFileType = sourcecode.c.objc; path = "UIViewController+RBExtras.m"; sourceTree = "<group>"; };
		E180F1E5151E78D4009E981C /* UIWindow+RBExtras.h */ = {isa = PBXFileReference; fileEncoding = 4; lastKnownFileType = sourcecode.c.h; path = "UIWindow+RBExtras.h"; sourceTree = "<group>"; };
		E180F1E6151E78D4009E981C /* UIWindow+RBExtras.m */ = {isa = PBXFileReference; fileEncoding = 4; lastKnownFileType = sourcecode.c.objc; path = "UIWindow+RBExtras.m"; sourceTree = "<group>"; };
		E180F1FD151E792E009E981C /* LICENSE */ = {isa = PBXFileReference; fileEncoding = 4; lastKnownFileType = text; path = LICENSE; sourceTree = "<group>"; };
		E180F1FE151E792E009E981C /* RBAttachment.h */ = {isa = PBXFileReference; fileEncoding = 4; lastKnownFileType = sourcecode.c.h; path = RBAttachment.h; sourceTree = "<group>"; };
		E180F1FF151E792E009E981C /* RBBaseEmailBuilder.h */ = {isa = PBXFileReference; fileEncoding = 4; lastKnownFileType = sourcecode.c.h; path = RBBaseEmailBuilder.h; sourceTree = "<group>"; };
		E180F200151E792E009E981C /* RBBaseEmailBuilder.m */ = {isa = PBXFileReference; fileEncoding = 4; lastKnownFileType = sourcecode.c.objc; path = RBBaseEmailBuilder.m; sourceTree = "<group>"; };
		E180F201151E792E009E981C /* RBBaseLogFile.h */ = {isa = PBXFileReference; fileEncoding = 4; lastKnownFileType = sourcecode.c.h; path = RBBaseLogFile.h; sourceTree = "<group>"; };
		E180F202151E792E009E981C /* RBBaseLogFile.m */ = {isa = PBXFileReference; fileEncoding = 4; lastKnownFileType = sourcecode.c.objc; path = RBBaseLogFile.m; sourceTree = "<group>"; };
		E180F203151E792E009E981C /* RBBugReportEmailBuilder.h */ = {isa = PBXFileReference; fileEncoding = 4; lastKnownFileType = sourcecode.c.h; path = RBBugReportEmailBuilder.h; sourceTree = "<group>"; };
		E180F204151E792E009E981C /* RBBugReportEmailBuilder.m */ = {isa = PBXFileReference; fileEncoding = 4; lastKnownFileType = sourcecode.c.objc; path = RBBugReportEmailBuilder.m; sourceTree = "<group>"; };
		E180F205151E792E009E981C /* RBEmailBuilder.h */ = {isa = PBXFileReference; fileEncoding = 4; lastKnownFileType = sourcecode.c.h; path = RBEmailBuilder.h; sourceTree = "<group>"; };
		E180F206151E792E009E981C /* RBExtendedLogFile.h */ = {isa = PBXFileReference; fileEncoding = 4; lastKnownFileType = sourcecode.c.h; path = RBExtendedLogFile.h; sourceTree = "<group>"; };
		E180F207151E792E009E981C /* RBExtendedLogFile.m */ = {isa = PBXFileReference; fileEncoding = 4; lastKnownFileType = sourcecode.c.objc; path = RBExtendedLogFile.m; sourceTree = "<group>"; };
		E180F208151E792E009E981C /* RBLogFile.h */ = {isa = PBXFileReference; fileEncoding = 4; lastKnownFileType = sourcecode.c.h; path = RBLogFile.h; sourceTree = "<group>"; };
		E180F209151E792E009E981C /* RBLogFileFactory.h */ = {isa = PBXFileReference; fileEncoding = 4; lastKnownFileType = sourcecode.c.h; path = RBLogFileFactory.h; sourceTree = "<group>"; };
		E180F20A151E792E009E981C /* RBLogFileFactory.m */ = {isa = PBXFileReference; fileEncoding = 4; lastKnownFileType = sourcecode.c.objc; path = RBLogFileFactory.m; sourceTree = "<group>"; };
		E180F20B151E792E009E981C /* RBLogger.h */ = {isa = PBXFileReference; fileEncoding = 4; lastKnownFileType = sourcecode.c.h; path = RBLogger.h; sourceTree = "<group>"; };
		E180F20C151E792E009E981C /* RBLogger.m */ = {isa = PBXFileReference; fileEncoding = 4; lastKnownFileType = sourcecode.c.objc; path = RBLogger.m; sourceTree = "<group>"; };
		E180F20D151E792E009E981C /* RBReportEmailerVC.h */ = {isa = PBXFileReference; fileEncoding = 4; lastKnownFileType = sourcecode.c.h; path = RBReportEmailerVC.h; sourceTree = "<group>"; };
		E180F20E151E792E009E981C /* RBReportEmailerVC.m */ = {isa = PBXFileReference; fileEncoding = 4; lastKnownFileType = sourcecode.c.objc; path = RBReportEmailerVC.m; sourceTree = "<group>"; };
		E180F20F151E792E009E981C /* RBReporter.h */ = {isa = PBXFileReference; fileEncoding = 4; lastKnownFileType = sourcecode.c.h; path = RBReporter.h; sourceTree = "<group>"; };
		E180F210151E792E009E981C /* RBReporter.m */ = {isa = PBXFileReference; fileEncoding = 4; lastKnownFileType = sourcecode.c.objc; path = RBReporter.m; sourceTree = "<group>"; };
		E180F211151E792E009E981C /* RBStandardAttachment.h */ = {isa = PBXFileReference; fileEncoding = 4; lastKnownFileType = sourcecode.c.h; path = RBStandardAttachment.h; sourceTree = "<group>"; };
		E180F212151E792E009E981C /* RBStandardAttachment.m */ = {isa = PBXFileReference; fileEncoding = 4; lastKnownFileType = sourcecode.c.objc; path = RBStandardAttachment.m; sourceTree = "<group>"; };
		E180F213151E792E009E981C /* README.markdown */ = {isa = PBXFileReference; fileEncoding = 4; lastKnownFileType = text; path = README.markdown; sourceTree = "<group>"; };
		E180F21F151E7950009E981C /* CoreData.framework */ = {isa = PBXFileReference; lastKnownFileType = wrapper.framework; name = CoreData.framework; path = System/Library/Frameworks/CoreData.framework; sourceTree = SDKROOT; };
		E180F238151E7CB5009E981C /* Decision+Extras.h */ = {isa = PBXFileReference; fileEncoding = 4; lastKnownFileType = sourcecode.c.h; name = "Decision+Extras.h"; path = "Model/Decision+Extras.h"; sourceTree = "<group>"; };
		E180F239151E7CB5009E981C /* Decision+Extras.m */ = {isa = PBXFileReference; fileEncoding = 4; lastKnownFileType = sourcecode.c.objc; name = "Decision+Extras.m"; path = "Model/Decision+Extras.m"; sourceTree = "<group>"; };
		E180F23B151E7F40009E981C /* IDDecisionCell.h */ = {isa = PBXFileReference; fileEncoding = 4; lastKnownFileType = sourcecode.c.h; name = IDDecisionCell.h; path = Views/IDDecisionCell.h; sourceTree = "<group>"; };
		E180F23C151E7F41009E981C /* IDDecisionCell.m */ = {isa = PBXFileReference; fileEncoding = 4; lastKnownFileType = sourcecode.c.objc; name = IDDecisionCell.m; path = Views/IDDecisionCell.m; sourceTree = "<group>"; };
		E180F244151E80CA009E981C /* Discussion.h */ = {isa = PBXFileReference; fileEncoding = 4; lastKnownFileType = sourcecode.c.h; name = Discussion.h; path = Model/Discussion.h; sourceTree = "<group>"; };
		E180F245151E80CA009E981C /* Discussion.m */ = {isa = PBXFileReference; fileEncoding = 4; lastKnownFileType = sourcecode.c.objc; name = Discussion.m; path = Model/Discussion.m; sourceTree = "<group>"; };
		E180F247151E80CA009E981C /* Preferences.h */ = {isa = PBXFileReference; fileEncoding = 4; lastKnownFileType = sourcecode.c.h; name = Preferences.h; path = Model/Preferences.h; sourceTree = "<group>"; };
		E180F248151E80CA009E981C /* Preferences.m */ = {isa = PBXFileReference; fileEncoding = 4; lastKnownFileType = sourcecode.c.objc; name = Preferences.m; path = Model/Preferences.m; sourceTree = "<group>"; };
		E180F250151E80CB009E981C /* Message.h */ = {isa = PBXFileReference; fileEncoding = 4; lastKnownFileType = sourcecode.c.h; name = Message.h; path = Model/Message.h; sourceTree = "<group>"; };
		E180F251151E80CB009E981C /* Message.m */ = {isa = PBXFileReference; fileEncoding = 4; lastKnownFileType = sourcecode.c.objc; name = Message.m; path = Model/Message.m; sourceTree = "<group>"; };
		E180F253151E80CB009E981C /* Group.h */ = {isa = PBXFileReference; fileEncoding = 4; lastKnownFileType = sourcecode.c.h; name = Group.h; path = Model/Group.h; sourceTree = "<group>"; };
		E180F254151E80CB009E981C /* Group.m */ = {isa = PBXFileReference; fileEncoding = 4; lastKnownFileType = sourcecode.c.objc; name = Group.m; path = Model/Group.m; sourceTree = "<group>"; };
		E180F256151E80E8009E981C /* IDObject+Extras.h */ = {isa = PBXFileReference; fileEncoding = 4; lastKnownFileType = sourcecode.c.h; name = "IDObject+Extras.h"; path = "Model/IDObject+Extras.h"; sourceTree = "<group>"; };
		E180F257151E80E8009E981C /* IDObject+Extras.m */ = {isa = PBXFileReference; fileEncoding = 4; lastKnownFileType = sourcecode.c.objc; name = "IDObject+Extras.m"; path = "Model/IDObject+Extras.m"; sourceTree = "<group>"; };
		E1C0F28C15268D2F00B20EFA /* Discussion+Extras.h */ = {isa = PBXFileReference; fileEncoding = 4; lastKnownFileType = sourcecode.c.h; name = "Discussion+Extras.h"; path = "Model/Discussion+Extras.h"; sourceTree = "<group>"; };
		E1C0F28D15268D2F00B20EFA /* Discussion+Extras.m */ = {isa = PBXFileReference; fileEncoding = 4; lastKnownFileType = sourcecode.c.objc; name = "Discussion+Extras.m"; path = "Model/Discussion+Extras.m"; sourceTree = "<group>"; };
		E1EE0EFA1522468800B2E25A /* IDObject.h */ = {isa = PBXFileReference; fileEncoding = 4; lastKnownFileType = sourcecode.c.h; name = IDObject.h; path = Model/IDObject.h; sourceTree = "<group>"; };
		E1EE0EFB1522468800B2E25A /* IDObject.m */ = {isa = PBXFileReference; fileEncoding = 4; lastKnownFileType = sourcecode.c.objc; name = IDObject.m; path = Model/IDObject.m; sourceTree = "<group>"; };
		E1EF685E15211E3000AF5FDB /* IDLoginManager.h */ = {isa = PBXFileReference; fileEncoding = 4; lastKnownFileType = sourcecode.c.h; path = IDLoginManager.h; sourceTree = "<group>"; };
		E1EF685F15211E3000AF5FDB /* IDLoginManager.m */ = {isa = PBXFileReference; fileEncoding = 4; lastKnownFileType = sourcecode.c.objc; path = IDLoginManager.m; sourceTree = "<group>"; };
		E1EF6862152120E600AF5FDB /* User+Extras.h */ = {isa = PBXFileReference; fileEncoding = 4; lastKnownFileType = sourcecode.c.h; name = "User+Extras.h"; path = "Model/User+Extras.h"; sourceTree = "<group>"; };
		E1EF6863152120E600AF5FDB /* User+Extras.m */ = {isa = PBXFileReference; fileEncoding = 4; lastKnownFileType = sourcecode.c.objc; name = "User+Extras.m"; path = "Model/User+Extras.m"; sourceTree = "<group>"; };
		E1EF686E152122D700AF5FDB /* User.h */ = {isa = PBXFileReference; fileEncoding = 4; lastKnownFileType = sourcecode.c.h; name = User.h; path = Model/User.h; sourceTree = "<group>"; };
		E1EF686F152122D700AF5FDB /* User.m */ = {isa = PBXFileReference; fileEncoding = 4; lastKnownFileType = sourcecode.c.objc; name = User.m; path = Model/User.m; sourceTree = "<group>"; };
		E1EF6878152127A800AF5FDB /* IDDecisionDetailCell.h */ = {isa = PBXFileReference; fileEncoding = 4; lastKnownFileType = sourcecode.c.h; name = IDDecisionDetailCell.h; path = Views/IDDecisionDetailCell.h; sourceTree = "<group>"; };
		E1EF6879152127A800AF5FDB /* IDDecisionDetailCell.m */ = {isa = PBXFileReference; fileEncoding = 4; lastKnownFileType = sourcecode.c.objc; name = IDDecisionDetailCell.m; path = Views/IDDecisionDetailCell.m; sourceTree = "<group>"; };
		E1EF687B15212A3F00AF5FDB /* Option+Extras.h */ = {isa = PBXFileReference; fileEncoding = 4; lastKnownFileType = sourcecode.c.h; name = "Option+Extras.h"; path = "Model/Option+Extras.h"; sourceTree = "<group>"; };
		E1EF687C15212A3F00AF5FDB /* Option+Extras.m */ = {isa = PBXFileReference; fileEncoding = 4; lastKnownFileType = sourcecode.c.objc; name = "Option+Extras.m"; path = "Model/Option+Extras.m"; sourceTree = "<group>"; };
		E1EF688115212F1000AF5FDB /* Decision.h */ = {isa = PBXFileReference; fileEncoding = 4; lastKnownFileType = sourcecode.c.h; name = Decision.h; path = Model/Decision.h; sourceTree = "<group>"; };
		E1EF688215212F1000AF5FDB /* Decision.m */ = {isa = PBXFileReference; fileEncoding = 4; lastKnownFileType = sourcecode.c.objc; name = Decision.m; path = Model/Decision.m; sourceTree = "<group>"; };
		E1EF688415212F1100AF5FDB /* Option.h */ = {isa = PBXFileReference; fileEncoding = 4; lastKnownFileType = sourcecode.c.h; name = Option.h; path = Model/Option.h; sourceTree = "<group>"; };
		E1EF688515212F1100AF5FDB /* Option.m */ = {isa = PBXFileReference; fileEncoding = 4; lastKnownFileType = sourcecode.c.objc; name = Option.m; path = Model/Option.m; sourceTree = "<group>"; };
/* End PBXFileReference section */

/* Begin PBXFrameworksBuildPhase section */
		E12565CD151AB12E00E56B88 /* Frameworks */ = {
			isa = PBXFrameworksBuildPhase;
			buildActionMask = 2147483647;
			files = (
				E180F220151E7950009E981C /* CoreData.framework in Frameworks */,
				E12568F0151AB7D700E56B88 /* MessageUI.framework in Frameworks */,
				E12568EE151AB7C400E56B88 /* AudioToolbox.framework in Frameworks */,
				E125661B151AB23500E56B88 /* StoreKit.framework in Frameworks */,
				E1256619151AB22C00E56B88 /* CoreTelephony.framework in Frameworks */,
				E1256617151AB21F00E56B88 /* libsqlite3.dylib in Frameworks */,
				E1256615151AB21600E56B88 /* libz.dylib in Frameworks */,
				E1256613151AB20800E56B88 /* SystemConfiguration.framework in Frameworks */,
				E1256611151AB1FE00E56B88 /* Security.framework in Frameworks */,
				E125660F151AB1F500E56B88 /* MobileCoreServices.framework in Frameworks */,
				E12565D9151AB12E00E56B88 /* CoreGraphics.framework in Frameworks */,
				E125660D151AB1DE00E56B88 /* CFNetwork.framework in Frameworks */,
				E12565D5151AB12E00E56B88 /* UIKit.framework in Frameworks */,
				E12565D7151AB12E00E56B88 /* Foundation.framework in Frameworks */,
				E1256AE4151AB9A000E56B88 /* libUAirship-1.1.4.a in Frameworks */,
			);
			runOnlyForDeploymentPostprocessing = 0;
		};
		E12565ED151AB12F00E56B88 /* Frameworks */ = {
			isa = PBXFrameworksBuildPhase;
			buildActionMask = 2147483647;
			files = (
				E12565F3151AB12F00E56B88 /* SenTestingKit.framework in Frameworks */,
				E12565F4151AB12F00E56B88 /* UIKit.framework in Frameworks */,
				E12565F5151AB12F00E56B88 /* Foundation.framework in Frameworks */,
			);
			runOnlyForDeploymentPostprocessing = 0;
		};
/* End PBXFrameworksBuildPhase section */

/* Begin PBXGroup section */
		E1231C04151D7F14009D214A /* View */ = {
			isa = PBXGroup;
			children = (
				E12565E6151AB12F00E56B88 /* MainStoryboard.storyboard */,
				E180F1AA151E773A009E981C /* IDBaseVC.h */,
				E180F1AB151E773A009E981C /* IDBaseVC.m */,
				E1231BFB151D7E05009D214A /* IDLoginVC.h */,
				E1231BFC151D7E05009D214A /* IDLoginVC.m */,
				E180F25D151E838B009E981C /* Decisions */,
				E1EF68711521257400AF5FDB /* Decision Detail */,
				E1231C09151D851E009D214A /* IDDiscussionVC.h */,
				E1231C0A151D851E009D214A /* IDDiscussionVC.m */,
			);
			name = View;
			sourceTree = "<group>";
		};
		E1231C05151D8212009D214A /* Model */ = {
			isa = PBXGroup;
			children = (
				E1231C06151D8232009D214A /* decide.xcdatamodeld */,
				E180F1AD151E77AF009E981C /* RBCoreDataAdditions */,
				E180F221151E7A5E009E981C /* Managed Objects */,
				E180F222151E7A6D009E981C /* Managed Object Categories */,
			);
			name = Model;
			sourceTree = "<group>";
		};
		E12565C5151AB12E00E56B88 = {
			isa = PBXGroup;
			children = (
				E12565DA151AB12E00E56B88 /* Decide */,
				E12565F8151AB12F00E56B88 /* DecideTests */,
				E12565D3151AB12E00E56B88 /* Frameworks */,
				E12565D1151AB12E00E56B88 /* Products */,
			);
			sourceTree = "<group>";
		};
		E12565D1151AB12E00E56B88 /* Products */ = {
			isa = PBXGroup;
			children = (
				E12565D0151AB12E00E56B88 /* decide.app */,
				E12565F1151AB12F00E56B88 /* DecideTests.octest */,
			);
			name = Products;
			sourceTree = "<group>";
		};
		E12565D3151AB12E00E56B88 /* Frameworks */ = {
			isa = PBXGroup;
			children = (
				E180F21F151E7950009E981C /* CoreData.framework */,
				E1256AE3151AB9A000E56B88 /* libUAirship-1.1.4.a */,
				E12568EF151AB7D700E56B88 /* MessageUI.framework */,
				E12568ED151AB7C400E56B88 /* AudioToolbox.framework */,
				E125661A151AB23500E56B88 /* StoreKit.framework */,
				E1256618151AB22C00E56B88 /* CoreTelephony.framework */,
				E1256616151AB21F00E56B88 /* libsqlite3.dylib */,
				E1256614151AB21600E56B88 /* libz.dylib */,
				E1256612151AB20800E56B88 /* SystemConfiguration.framework */,
				E1256610151AB1FE00E56B88 /* Security.framework */,
				E125660E151AB1F500E56B88 /* MobileCoreServices.framework */,
				E125660C151AB1DE00E56B88 /* CFNetwork.framework */,
				E12565D4151AB12E00E56B88 /* UIKit.framework */,
				E12565D6151AB12E00E56B88 /* Foundation.framework */,
				E12565D8151AB12E00E56B88 /* CoreGraphics.framework */,
				E12565F2151AB12F00E56B88 /* SenTestingKit.framework */,
			);
			name = Frameworks;
			sourceTree = "<group>";
		};
		E12565DA151AB12E00E56B88 /* Decide */ = {
			isa = PBXGroup;
			children = (
				E12565E3151AB12E00E56B88 /* IDAppDelegate.h */,
				E12565E4151AB12F00E56B88 /* IDAppDelegate.m */,
				E180F1FB151E78E0009E981C /* Misc Dependencies */,
				E180F185151E5ECE009E981C /* Networking */,
				E1231C05151D8212009D214A /* Model */,
				E1231C04151D7F14009D214A /* View */,
				E12565DB151AB12E00E56B88 /* Supporting Files */,
			);
			path = Decide;
			sourceTree = "<group>";
		};
		E12565DB151AB12E00E56B88 /* Supporting Files */ = {
			isa = PBXGroup;
			children = (
				E12565DC151AB12E00E56B88 /* Decide-Info.plist */,
				E12565DD151AB12E00E56B88 /* InfoPlist.strings */,
				E12565E0151AB12E00E56B88 /* main.m */,
				E12565E2151AB12E00E56B88 /* Decide-Prefix.pch */,
				E1256620151AB2CC00E56B88 /* AirshipConfig.plist */,
			);
			name = "Supporting Files";
			sourceTree = "<group>";
		};
		E12565F8151AB12F00E56B88 /* DecideTests */ = {
			isa = PBXGroup;
			children = (
				E12565FE151AB12F00E56B88 /* DecideTests.h */,
				E12565FF151AB12F00E56B88 /* DecideTests.m */,
				E12565F9151AB12F00E56B88 /* Supporting Files */,
			);
			path = DecideTests;
			sourceTree = "<group>";
		};
		E12565F9151AB12F00E56B88 /* Supporting Files */ = {
			isa = PBXGroup;
			children = (
				E12565FA151AB12F00E56B88 /* DecideTests-Info.plist */,
				E12565FB151AB12F00E56B88 /* InfoPlist.strings */,
			);
			name = "Supporting Files";
			sourceTree = "<group>";
		};
		E180F185151E5ECE009E981C /* Networking */ = {
			isa = PBXGroup;
			children = (
				E180F187151E5EE4009E981C /* AFNetworking */,
				E180F1A7151E69FD009E981C /* IDHTTPRequest.h */,
				E180F1A8151E69FD009E981C /* IDHTTPRequest.m */,
				E1EF685E15211E3000AF5FDB /* IDLoginManager.h */,
				E1EF685F15211E3000AF5FDB /* IDLoginManager.m */,
			);
			name = Networking;
			sourceTree = "<group>";
		};
		E180F187151E5EE4009E981C /* AFNetworking */ = {
			isa = PBXGroup;
			children = (
				E180F188151E5EE4009E981C /* AFHTTPClient.h */,
				E180F189151E5EE4009E981C /* AFHTTPClient.m */,
				E180F18A151E5EE4009E981C /* AFHTTPRequestOperation.h */,
				E180F18B151E5EE4009E981C /* AFHTTPRequestOperation.m */,
				E180F18C151E5EE4009E981C /* AFImageRequestOperation.h */,
				E180F18D151E5EE4009E981C /* AFImageRequestOperation.m */,
				E180F18E151E5EE4009E981C /* AFJSONRequestOperation.h */,
				E180F18F151E5EE4009E981C /* AFJSONRequestOperation.m */,
				E180F190151E5EE4009E981C /* AFJSONUtilities.h */,
				E180F191151E5EE4009E981C /* AFJSONUtilities.m */,
				E180F192151E5EE4009E981C /* AFNetworkActivityIndicatorManager.h */,
				E180F193151E5EE4009E981C /* AFNetworkActivityIndicatorManager.m */,
				E180F194151E5EE4009E981C /* AFNetworking.h */,
				E180F195151E5EE4009E981C /* AFPropertyListRequestOperation.h */,
				E180F196151E5EE4009E981C /* AFPropertyListRequestOperation.m */,
				E180F197151E5EE4009E981C /* AFURLConnectionOperation.h */,
				E180F198151E5EE4009E981C /* AFURLConnectionOperation.m */,
				E180F199151E5EE4009E981C /* AFXMLRequestOperation.h */,
				E180F19A151E5EE4009E981C /* AFXMLRequestOperation.m */,
				E180F19B151E5EE4009E981C /* UIImageView+AFNetworking.h */,
				E180F19C151E5EE4009E981C /* UIImageView+AFNetworking.m */,
			);
			name = AFNetworking;
			path = AFNetworking/AFNetworking;
			sourceTree = SOURCE_ROOT;
		};
		E180F1AD151E77AF009E981C /* RBCoreDataAdditions */ = {
			isa = PBXGroup;
			children = (
				E180F1AE151E77AF009E981C /* LICENSE */,
				E180F1AF151E77AF009E981C /* RBCoreDataManager.h */,
				E180F1B0151E77AF009E981C /* RBCoreDataManager.m */,
				E180F1B1151E77AF009E981C /* RBCoreDataManagerDelegate.h */,
				E180F1B2151E77AF009E981C /* RBFetchedResultsTableVC.h */,
				E180F1B3151E77AF009E981C /* RBFetchedResultsTableVC.m */,
				E180F1B4151E77AF009E981C /* RBManagedObjectContext.h */,
				E180F1B5151E77AF009E981C /* RBManagedObjectContext.m */,
				E180F1B6151E77AF009E981C /* README.markdown */,
			);
			path = RBCoreDataAdditions;
			sourceTree = SOURCE_ROOT;
		};
		E180F1BC151E7892009E981C /* RBSingleton */ = {
			isa = PBXGroup;
			children = (
				E180F1BD151E7892009E981C /* RBSimpleSingleton.h */,
				E180F1BE151E7892009E981C /* RBSingleton.h */,
				E180F1BF151E7892009E981C /* RBSingleton.m */,
			);
			path = RBSingleton;
			sourceTree = SOURCE_ROOT;
		};
		E180F1C1151E78D4009E981C /* RBCategories */ = {
			isa = PBXGroup;
			children = (
				E180F1C2151E78D4009E981C /* .gitignore */,
				E180F1C3151E78D4009E981C /* GCD+RBExtras.c */,
				E180F1C4151E78D4009E981C /* GCD+RBExtras.h */,
				E180F1C5151E78D4009E981C /* LICENSE */,
				E180F1C6151E78D4009E981C /* NSArray+RBExtras.h */,
				E180F1C7151E78D4009E981C /* NSArray+RBExtras.m */,
				E180F1C8151E78D4009E981C /* NSDate+RBExtras.h */,
				E180F1C9151E78D4009E981C /* NSDate+RBExtras.m */,
				E180F1CA151E78D4009E981C /* NSError+RBExtras.h */,
				E180F1CB151E78D4009E981C /* NSError+RBExtras.m */,
				E180F1CC151E78D4009E981C /* NSManagedObject+RBExtras.h */,
				E180F1CD151E78D4009E981C /* NSManagedObject+RBExtras.m */,
				E180F1CE151E78D4009E981C /* NSMutableSet+RBExtras.h */,
				E180F1CF151E78D4009E981C /* NSMutableSet+RBExtras.m */,
				E180F1D0151E78D4009E981C /* NSObject+RBExtras.h */,
				E180F1D1151E78D4009E981C /* NSObject+RBExtras.m */,
				E180F1D2151E78D4009E981C /* NSSet+RBExtras.h */,
				E180F1D3151E78D4009E981C /* NSSet+RBExtras.m */,
				E180F1D4151E78D4009E981C /* NSString+RBExtras.h */,
				E180F1D5151E78D4009E981C /* NSString+RBExtras.m */,
				E180F1D6151E78D4009E981C /* NSURL+RBExtras.h */,
				E180F1D7151E78D4009E981C /* NSURL+RBExtras.m */,
				E180F1D8151E78D4009E981C /* README.markdown */,
				E180F1D9151E78D4009E981C /* UIApplication+RBExtras.h */,
				E180F1DA151E78D4009E981C /* UIApplication+RBExtras.m */,
				E180F1DB151E78D4009E981C /* UIColor+RBExtras.h */,
				E180F1DC151E78D4009E981C /* UIColor+RBExtras.m */,
				E180F1DD151E78D4009E981C /* UITableView+RBExtras.h */,
				E180F1DE151E78D4009E981C /* UITableView+RBExtras.m */,
				E180F1DF151E78D4009E981C /* UITextField+RBExtras.h */,
				E180F1E0151E78D4009E981C /* UITextField+RBExtras.m */,
				E180F1E1151E78D4009E981C /* UIView+RBExtras.h */,
				E180F1E2151E78D4009E981C /* UIView+RBExtras.m */,
				E180F1E3151E78D4009E981C /* UIViewController+RBExtras.h */,
				E180F1E4151E78D4009E981C /* UIViewController+RBExtras.m */,
				E180F1E5151E78D4009E981C /* UIWindow+RBExtras.h */,
				E180F1E6151E78D4009E981C /* UIWindow+RBExtras.m */,
			);
			path = RBCategories;
			sourceTree = SOURCE_ROOT;
		};
		E180F1FB151E78E0009E981C /* Misc Dependencies */ = {
			isa = PBXGroup;
			children = (
				E180F1FC151E792E009E981C /* RBReporter */,
				E180F1BC151E7892009E981C /* RBSingleton */,
				E180F1C1151E78D4009E981C /* RBCategories */,
			);
			name = "Misc Dependencies";
			sourceTree = "<group>";
		};
		E180F1FC151E792E009E981C /* RBReporter */ = {
			isa = PBXGroup;
			children = (
				E180F1FD151E792E009E981C /* LICENSE */,
				E180F1FE151E792E009E981C /* RBAttachment.h */,
				E180F1FF151E792E009E981C /* RBBaseEmailBuilder.h */,
				E180F200151E792E009E981C /* RBBaseEmailBuilder.m */,
				E180F201151E792E009E981C /* RBBaseLogFile.h */,
				E180F202151E792E009E981C /* RBBaseLogFile.m */,
				E180F203151E792E009E981C /* RBBugReportEmailBuilder.h */,
				E180F204151E792E009E981C /* RBBugReportEmailBuilder.m */,
				E180F205151E792E009E981C /* RBEmailBuilder.h */,
				E180F206151E792E009E981C /* RBExtendedLogFile.h */,
				E180F207151E792E009E981C /* RBExtendedLogFile.m */,
				E180F208151E792E009E981C /* RBLogFile.h */,
				E180F209151E792E009E981C /* RBLogFileFactory.h */,
				E180F20A151E792E009E981C /* RBLogFileFactory.m */,
				E180F20B151E792E009E981C /* RBLogger.h */,
				E180F20C151E792E009E981C /* RBLogger.m */,
				E180F20D151E792E009E981C /* RBReportEmailerVC.h */,
				E180F20E151E792E009E981C /* RBReportEmailerVC.m */,
				E180F20F151E792E009E981C /* RBReporter.h */,
				E180F210151E792E009E981C /* RBReporter.m */,
				E180F211151E792E009E981C /* RBStandardAttachment.h */,
				E180F212151E792E009E981C /* RBStandardAttachment.m */,
				E180F213151E792E009E981C /* README.markdown */,
			);
			path = RBReporter;
			sourceTree = SOURCE_ROOT;
		};
		E180F221151E7A5E009E981C /* Managed Objects */ = {
			isa = PBXGroup;
			children = (
				E180F244151E80CA009E981C /* Discussion.h */,
				E180F245151E80CA009E981C /* Discussion.m */,
				E180F247151E80CA009E981C /* Preferences.h */,
				E180F248151E80CA009E981C /* Preferences.m */,
				E180F250151E80CB009E981C /* Message.h */,
				E180F251151E80CB009E981C /* Message.m */,
				E180F253151E80CB009E981C /* Group.h */,
				E180F254151E80CB009E981C /* Group.m */,
				E1EF686E152122D700AF5FDB /* User.h */,
				E1EF686F152122D700AF5FDB /* User.m */,
				E1EF688115212F1000AF5FDB /* Decision.h */,
				E1EF688215212F1000AF5FDB /* Decision.m */,
				E1EF688415212F1100AF5FDB /* Option.h */,
				E1EF688515212F1100AF5FDB /* Option.m */,
				E1EE0EFA1522468800B2E25A /* IDObject.h */,
				E1EE0EFB1522468800B2E25A /* IDObject.m */,
			);
			name = "Managed Objects";
			sourceTree = "<group>";
		};
		E180F222151E7A6D009E981C /* Managed Object Categories */ = {
			isa = PBXGroup;
			children = (
				E180F256151E80E8009E981C /* IDObject+Extras.h */,
				E180F257151E80E8009E981C /* IDObject+Extras.m */,
				E180F238151E7CB5009E981C /* Decision+Extras.h */,
				E180F239151E7CB5009E981C /* Decision+Extras.m */,
				E1EF6862152120E600AF5FDB /* User+Extras.h */,
				E1EF6863152120E600AF5FDB /* User+Extras.m */,
				E1EF687B15212A3F00AF5FDB /* Option+Extras.h */,
				E1EF687C15212A3F00AF5FDB /* Option+Extras.m */,
				E11B784415268BC6000A35F5 /* Message+Extras.h */,
				E11B784515268BC6000A35F5 /* Message+Extras.m */,
				E1C0F28C15268D2F00B20EFA /* Discussion+Extras.h */,
				E1C0F28D15268D2F00B20EFA /* Discussion+Extras.m */,
			);
			name = "Managed Object Categories";
			sourceTree = "<group>";
		};
		E180F25D151E838B009E981C /* Decisions */ = {
			isa = PBXGroup;
			children = (
				E1231BFE151D7E25009D214A /* IDDecisionsVC.h */,
				E1231BFF151D7E25009D214A /* IDDecisionsVC.m */,
				E180F23B151E7F40009E981C /* IDDecisionCell.h */,
				E180F23C151E7F41009E981C /* IDDecisionCell.m */,
			);
			name = Decisions;
			sourceTree = "<group>";
		};
		E1EF68711521257400AF5FDB /* Decision Detail */ = {
			isa = PBXGroup;
			children = (
				E1231C01151D7E35009D214A /* IDDecisionDetailVC.h */,
				E1231C02151D7E35009D214A /* IDDecisionDetailVC.m */,
				E1EF6878152127A800AF5FDB /* IDDecisionDetailCell.h */,
				E1EF6879152127A800AF5FDB /* IDDecisionDetailCell.m */,
			);
			name = "Decision Detail";
			sourceTree = "<group>";
		};
/* End PBXGroup section */

/* Begin PBXNativeTarget section */
		E12565CF151AB12E00E56B88 /* decide */ = {
			isa = PBXNativeTarget;
			buildConfigurationList = E1256603151AB12F00E56B88 /* Build configuration list for PBXNativeTarget "decide" */;
			buildPhases = (
				E12565CC151AB12E00E56B88 /* Sources */,
				E12565CD151AB12E00E56B88 /* Frameworks */,
				E12565CE151AB12E00E56B88 /* Resources */,
			);
			buildRules = (
			);
			dependencies = (
			);
			name = decide;
			productName = Decide;
			productReference = E12565D0151AB12E00E56B88 /* decide.app */;
			productType = "com.apple.product-type.application";
		};
		E12565F0151AB12F00E56B88 /* DecideTests */ = {
			isa = PBXNativeTarget;
			buildConfigurationList = E1256606151AB12F00E56B88 /* Build configuration list for PBXNativeTarget "DecideTests" */;
			buildPhases = (
				E12565EC151AB12F00E56B88 /* Sources */,
				E12565ED151AB12F00E56B88 /* Frameworks */,
				E12565EE151AB12F00E56B88 /* Resources */,
				E12565EF151AB12F00E56B88 /* ShellScript */,
			);
			buildRules = (
			);
			dependencies = (
				E12565F7151AB12F00E56B88 /* PBXTargetDependency */,
			);
			name = DecideTests;
			productName = DecideTests;
			productReference = E12565F1151AB12F00E56B88 /* DecideTests.octest */;
			productType = "com.apple.product-type.bundle";
		};
/* End PBXNativeTarget section */

/* Begin PBXProject section */
		E12565C7151AB12E00E56B88 /* Project object */ = {
			isa = PBXProject;
			attributes = {
				LastUpgradeCheck = 0430;
				ORGANIZATIONNAME = "Robert Brown";
			};
			buildConfigurationList = E12565CA151AB12E00E56B88 /* Build configuration list for PBXProject "Decide" */;
			compatibilityVersion = "Xcode 3.2";
			developmentRegion = English;
			hasScannedForEncodings = 0;
			knownRegions = (
				en,
			);
			mainGroup = E12565C5151AB12E00E56B88;
			productRefGroup = E12565D1151AB12E00E56B88 /* Products */;
			projectDirPath = "";
			projectRoot = "";
			targets = (
				E12565CF151AB12E00E56B88 /* decide */,
				E12565F0151AB12F00E56B88 /* DecideTests */,
			);
		};
/* End PBXProject section */

/* Begin PBXResourcesBuildPhase section */
		E12565CE151AB12E00E56B88 /* Resources */ = {
			isa = PBXResourcesBuildPhase;
			buildActionMask = 2147483647;
			files = (
				E12565DF151AB12E00E56B88 /* InfoPlist.strings in Resources */,
				E12565E8151AB12F00E56B88 /* MainStoryboard.storyboard in Resources */,
				E1256621151AB2CC00E56B88 /* AirshipConfig.plist in Resources */,
			);
			runOnlyForDeploymentPostprocessing = 0;
		};
		E12565EE151AB12F00E56B88 /* Resources */ = {
			isa = PBXResourcesBuildPhase;
			buildActionMask = 2147483647;
			files = (
				E12565FD151AB12F00E56B88 /* InfoPlist.strings in Resources */,
			);
			runOnlyForDeploymentPostprocessing = 0;
		};
/* End PBXResourcesBuildPhase section */

/* Begin PBXShellScriptBuildPhase section */
		E12565EF151AB12F00E56B88 /* ShellScript */ = {
			isa = PBXShellScriptBuildPhase;
			buildActionMask = 2147483647;
			files = (
			);
			inputPaths = (
			);
			outputPaths = (
			);
			runOnlyForDeploymentPostprocessing = 0;
			shellPath = /bin/sh;
			shellScript = "# Run the unit tests in this test bundle.\n\"${SYSTEM_DEVELOPER_DIR}/Tools/RunUnitTests\"\n";
		};
/* End PBXShellScriptBuildPhase section */

/* Begin PBXSourcesBuildPhase section */
		E12565CC151AB12E00E56B88 /* Sources */ = {
			isa = PBXSourcesBuildPhase;
			buildActionMask = 2147483647;
			files = (
				E12565E1151AB12E00E56B88 /* main.m in Sources */,
				E12565E5151AB12F00E56B88 /* IDAppDelegate.m in Sources */,
				E1231BFD151D7E05009D214A /* IDLoginVC.m in Sources */,
				E1231C00151D7E25009D214A /* IDDecisionsVC.m in Sources */,
				E1231C03151D7E35009D214A /* IDDecisionDetailVC.m in Sources */,
				E1231C08151D8232009D214A /* decide.xcdatamodeld in Sources */,
				E1231C0B151D851E009D214A /* IDDiscussionVC.m in Sources */,
				E180F19D151E5EE4009E981C /* AFHTTPClient.m in Sources */,
				E180F19E151E5EE4009E981C /* AFHTTPRequestOperation.m in Sources */,
				E180F19F151E5EE4009E981C /* AFImageRequestOperation.m in Sources */,
				E180F1A0151E5EE4009E981C /* AFJSONRequestOperation.m in Sources */,
				E180F1A1151E5EE4009E981C /* AFJSONUtilities.m in Sources */,
				E180F1A2151E5EE4009E981C /* AFNetworkActivityIndicatorManager.m in Sources */,
				E180F1A3151E5EE4009E981C /* AFPropertyListRequestOperation.m in Sources */,
				E180F1A4151E5EE4009E981C /* AFURLConnectionOperation.m in Sources */,
				E180F1A5151E5EE4009E981C /* AFXMLRequestOperation.m in Sources */,
				E180F1A6151E5EE4009E981C /* UIImageView+AFNetworking.m in Sources */,
				E180F1A9151E69FE009E981C /* IDHTTPRequest.m in Sources */,
				E180F1AC151E773A009E981C /* IDBaseVC.m in Sources */,
				E180F1B8151E77AF009E981C /* RBCoreDataManager.m in Sources */,
				E180F1B9151E77AF009E981C /* RBFetchedResultsTableVC.m in Sources */,
				E180F1BA151E77AF009E981C /* RBManagedObjectContext.m in Sources */,
				E180F1C0151E7892009E981C /* RBSingleton.m in Sources */,
				E180F1E8151E78D4009E981C /* GCD+RBExtras.c in Sources */,
				E180F1EA151E78D4009E981C /* NSArray+RBExtras.m in Sources */,
				E180F1EB151E78D4009E981C /* NSDate+RBExtras.m in Sources */,
				E180F1EC151E78D4009E981C /* NSError+RBExtras.m in Sources */,
				E180F1ED151E78D4009E981C /* NSManagedObject+RBExtras.m in Sources */,
				E180F1EE151E78D4009E981C /* NSMutableSet+RBExtras.m in Sources */,
				E180F1EF151E78D4009E981C /* NSObject+RBExtras.m in Sources */,
				E180F1F0151E78D4009E981C /* NSSet+RBExtras.m in Sources */,
				E180F1F1151E78D4009E981C /* NSString+RBExtras.m in Sources */,
				E180F1F2151E78D4009E981C /* NSURL+RBExtras.m in Sources */,
				E180F1F4151E78D4009E981C /* UIApplication+RBExtras.m in Sources */,
				E180F1F5151E78D4009E981C /* UIColor+RBExtras.m in Sources */,
				E180F1F6151E78D4009E981C /* UITableView+RBExtras.m in Sources */,
				E180F1F7151E78D4009E981C /* UITextField+RBExtras.m in Sources */,
				E180F1F8151E78D4009E981C /* UIView+RBExtras.m in Sources */,
				E180F1F9151E78D4009E981C /* UIViewController+RBExtras.m in Sources */,
				E180F1FA151E78D4009E981C /* UIWindow+RBExtras.m in Sources */,
				E180F215151E792E009E981C /* RBBaseEmailBuilder.m in Sources */,
				E180F216151E792E009E981C /* RBBaseLogFile.m in Sources */,
				E180F217151E792E009E981C /* RBBugReportEmailBuilder.m in Sources */,
				E180F218151E792E009E981C /* RBExtendedLogFile.m in Sources */,
				E180F219151E792E009E981C /* RBLogFileFactory.m in Sources */,
				E180F21A151E792E009E981C /* RBLogger.m in Sources */,
				E180F21B151E792E009E981C /* RBReportEmailerVC.m in Sources */,
				E180F21C151E792E009E981C /* RBReporter.m in Sources */,
				E180F21D151E792E009E981C /* RBStandardAttachment.m in Sources */,
				E180F23A151E7CB5009E981C /* Decision+Extras.m in Sources */,
				E180F23D151E7F41009E981C /* IDDecisionCell.m in Sources */,
				E180F246151E80CA009E981C /* Discussion.m in Sources */,
				E180F249151E80CA009E981C /* Preferences.m in Sources */,
				E180F252151E80CB009E981C /* Message.m in Sources */,
				E180F255151E80CB009E981C /* Group.m in Sources */,
				E180F258151E80E8009E981C /* IDObject+Extras.m in Sources */,
				E1EF686015211E3000AF5FDB /* IDLoginManager.m in Sources */,
				E1EF6864152120E600AF5FDB /* User+Extras.m in Sources */,
				E1EF6870152122D700AF5FDB /* User.m in Sources */,
				E1EF687A152127A800AF5FDB /* IDDecisionDetailCell.m in Sources */,
				E1EF687D15212A3F00AF5FDB /* Option+Extras.m in Sources */,
				E1EF688315212F1100AF5FDB /* Decision.m in Sources */,
				E1EF688615212F1100AF5FDB /* Option.m in Sources */,
				E1EE0EFC1522468800B2E25A /* IDObject.m in Sources */,
				E11B784615268BC6000A35F5 /* Message+Extras.m in Sources */,
				E1C0F28E15268D2F00B20EFA /* Discussion+Extras.m in Sources */,
			);
			runOnlyForDeploymentPostprocessing = 0;
		};
		E12565EC151AB12F00E56B88 /* Sources */ = {
			isa = PBXSourcesBuildPhase;
			buildActionMask = 2147483647;
			files = (
				E1256600151AB12F00E56B88 /* DecideTests.m in Sources */,
			);
			runOnlyForDeploymentPostprocessing = 0;
		};
/* End PBXSourcesBuildPhase section */

/* Begin PBXTargetDependency section */
		E12565F7151AB12F00E56B88 /* PBXTargetDependency */ = {
			isa = PBXTargetDependency;
			target = E12565CF151AB12E00E56B88 /* decide */;
			targetProxy = E12565F6151AB12F00E56B88 /* PBXContainerItemProxy */;
		};
/* End PBXTargetDependency section */

/* Begin PBXVariantGroup section */
		E12565DD151AB12E00E56B88 /* InfoPlist.strings */ = {
			isa = PBXVariantGroup;
			children = (
				E12565DE151AB12E00E56B88 /* en */,
			);
			name = InfoPlist.strings;
			sourceTree = "<group>";
		};
		E12565E6151AB12F00E56B88 /* MainStoryboard.storyboard */ = {
			isa = PBXVariantGroup;
			children = (
				E12565E7151AB12F00E56B88 /* en */,
			);
			name = MainStoryboard.storyboard;
			sourceTree = "<group>";
		};
		E12565FB151AB12F00E56B88 /* InfoPlist.strings */ = {
			isa = PBXVariantGroup;
			children = (
				E12565FC151AB12F00E56B88 /* en */,
			);
			name = InfoPlist.strings;
			sourceTree = "<group>";
		};
/* End PBXVariantGroup section */

/* Begin XCBuildConfiguration section */
		E1256601151AB12F00E56B88 /* Debug */ = {
			isa = XCBuildConfiguration;
			buildSettings = {
				ALWAYS_SEARCH_USER_PATHS = NO;
				ARCHS = "$(ARCHS_STANDARD_32_BIT)";
				CLANG_ENABLE_OBJC_ARC = YES;
				"CODE_SIGN_IDENTITY[sdk=iphoneos*]" = "iPhone Developer";
				COPY_PHASE_STRIP = NO;
				GCC_C_LANGUAGE_STANDARD = gnu99;
				GCC_DYNAMIC_NO_PIC = NO;
				GCC_OPTIMIZATION_LEVEL = 0;
				GCC_PREPROCESSOR_DEFINITIONS = (
					"DEBUG=1",
					"$(inherited)",
				);
				GCC_SYMBOLS_PRIVATE_EXTERN = NO;
				GCC_VERSION = com.apple.compilers.llvm.clang.1_0;
				GCC_WARN_ABOUT_MISSING_PROTOTYPES = YES;
				GCC_WARN_ABOUT_RETURN_TYPE = YES;
				GCC_WARN_UNUSED_VARIABLE = YES;
				IPHONEOS_DEPLOYMENT_TARGET = 5.0;
				SDKROOT = iphoneos;
			};
			name = Debug;
		};
		E1256602151AB12F00E56B88 /* Release */ = {
			isa = XCBuildConfiguration;
			buildSettings = {
				ALWAYS_SEARCH_USER_PATHS = NO;
				ARCHS = "$(ARCHS_STANDARD_32_BIT)";
				CLANG_ENABLE_OBJC_ARC = YES;
				"CODE_SIGN_IDENTITY[sdk=iphoneos*]" = "iPhone Developer";
				COPY_PHASE_STRIP = YES;
				GCC_C_LANGUAGE_STANDARD = gnu99;
				GCC_VERSION = com.apple.compilers.llvm.clang.1_0;
				GCC_WARN_ABOUT_MISSING_PROTOTYPES = YES;
				GCC_WARN_ABOUT_RETURN_TYPE = YES;
				GCC_WARN_UNUSED_VARIABLE = YES;
				IPHONEOS_DEPLOYMENT_TARGET = 5.0;
				OTHER_CFLAGS = "-DNS_BLOCK_ASSERTIONS=1";
				SDKROOT = iphoneos;
				VALIDATE_PRODUCT = YES;
			};
			name = Release;
		};
		E1256604151AB12F00E56B88 /* Debug */ = {
			isa = XCBuildConfiguration;
			buildSettings = {
				GCC_PRECOMPILE_PREFIX_HEADER = YES;
				GCC_PREFIX_HEADER = "Decide/Decide-Prefix.pch";
				HEADER_SEARCH_PATHS = "Airship/**";
				INFOPLIST_FILE = "Decide/Decide-Info.plist";
				LIBRARY_SEARCH_PATHS = (
					"$(inherited)",
					"\"$(SRCROOT)/Decide/Airship\"",
					"\"$(SRCROOT)/Airship\"",
				);
				PRODUCT_NAME = "$(TARGET_NAME)";
				WRAPPER_EXTENSION = app;
			};
			name = Debug;
		};
		E1256605151AB12F00E56B88 /* Release */ = {
			isa = XCBuildConfiguration;
			buildSettings = {
				GCC_PRECOMPILE_PREFIX_HEADER = YES;
				GCC_PREFIX_HEADER = "Decide/Decide-Prefix.pch";
				HEADER_SEARCH_PATHS = "Airship/**";
				INFOPLIST_FILE = "Decide/Decide-Info.plist";
				LIBRARY_SEARCH_PATHS = (
					"$(inherited)",
					"\"$(SRCROOT)/Decide/Airship\"",
					"\"$(SRCROOT)/Airship\"",
				);
				PRODUCT_NAME = "$(TARGET_NAME)";
				WRAPPER_EXTENSION = app;
			};
			name = Release;
		};
		E1256607151AB12F00E56B88 /* Debug */ = {
			isa = XCBuildConfiguration;
			buildSettings = {
				BUNDLE_LOADER = "$(BUILT_PRODUCTS_DIR)/Decide.app/Decide";
				FRAMEWORK_SEARCH_PATHS = (
					"$(SDKROOT)/Developer/Library/Frameworks",
					"$(DEVELOPER_LIBRARY_DIR)/Frameworks",
				);
				GCC_PRECOMPILE_PREFIX_HEADER = YES;
				GCC_PREFIX_HEADER = "Decide/Decide-Prefix.pch";
				INFOPLIST_FILE = "DecideTests/DecideTests-Info.plist";
				PRODUCT_NAME = "$(TARGET_NAME)";
				TEST_HOST = "$(BUNDLE_LOADER)";
				WRAPPER_EXTENSION = octest;
			};
			name = Debug;
		};
		E1256608151AB12F00E56B88 /* Release */ = {
			isa = XCBuildConfiguration;
			buildSettings = {
				BUNDLE_LOADER = "$(BUILT_PRODUCTS_DIR)/Decide.app/Decide";
				FRAMEWORK_SEARCH_PATHS = (
					"$(SDKROOT)/Developer/Library/Frameworks",
					"$(DEVELOPER_LIBRARY_DIR)/Frameworks",
				);
				GCC_PRECOMPILE_PREFIX_HEADER = YES;
				GCC_PREFIX_HEADER = "Decide/Decide-Prefix.pch";
				INFOPLIST_FILE = "DecideTests/DecideTests-Info.plist";
				PRODUCT_NAME = "$(TARGET_NAME)";
				TEST_HOST = "$(BUNDLE_LOADER)";
				WRAPPER_EXTENSION = octest;
			};
			name = Release;
		};
/* End XCBuildConfiguration section */

/* Begin XCConfigurationList section */
		E12565CA151AB12E00E56B88 /* Build configuration list for PBXProject "Decide" */ = {
			isa = XCConfigurationList;
			buildConfigurations = (
				E1256601151AB12F00E56B88 /* Debug */,
				E1256602151AB12F00E56B88 /* Release */,
			);
			defaultConfigurationIsVisible = 0;
			defaultConfigurationName = Release;
		};
		E1256603151AB12F00E56B88 /* Build configuration list for PBXNativeTarget "decide" */ = {
			isa = XCConfigurationList;
			buildConfigurations = (
				E1256604151AB12F00E56B88 /* Debug */,
				E1256605151AB12F00E56B88 /* Release */,
			);
			defaultConfigurationIsVisible = 0;
			defaultConfigurationName = Release;
		};
		E1256606151AB12F00E56B88 /* Build configuration list for PBXNativeTarget "DecideTests" */ = {
			isa = XCConfigurationList;
			buildConfigurations = (
				E1256607151AB12F00E56B88 /* Debug */,
				E1256608151AB12F00E56B88 /* Release */,
			);
			defaultConfigurationIsVisible = 0;
			defaultConfigurationName = Release;
		};
/* End XCConfigurationList section */

/* Begin XCVersionGroup section */
		E1231C06151D8232009D214A /* decide.xcdatamodeld */ = {
			isa = XCVersionGroup;
			children = (
				E1231C07151D8232009D214A /* decide.xcdatamodel */,
			);
			currentVersion = E1231C07151D8232009D214A /* decide.xcdatamodel */;
			name = decide.xcdatamodeld;
			path = Model/decide.xcdatamodeld;
			sourceTree = "<group>";
			versionGroupType = wrapper.xcdatamodel;
		};
/* End XCVersionGroup section */
	};
	rootObject = E12565C7151AB12E00E56B88 /* Project object */;
}
